
Microsoft Visual Studio Solution File, Format Version 12.00
# Visual Studio 15
VisualStudioVersion = 15.0.26730.15
MinimumVisualStudioVersion = 10.0.40219.1
Project("{D954291E-2A0B-460D-934E-DC6B0785DB48}") = "EndWorldGeneratorApp", "EndWorldGeneratorApp\EndWorldGeneratorApp\EndWorldGeneratorApp.shproj", "{4277A773-ABCB-4453-A749-EAFD07F9576A}"
EndProject
Project("{FAE04EC0-301F-11D3-BF4B-00C04F79EFBC}") = "EndWorldGeneratorApp.Android", "EndWorldGeneratorApp\EndWorldGeneratorApp.Android\EndWorldGeneratorApp.Android.csproj", "{00075B9D-F8DC-4011-AB1E-9629C8994764}"
EndProject
Project("{FAE04EC0-301F-11D3-BF4B-00C04F79EFBC}") = "EndWorldGeneratorApp.iOS", "EndWorldGeneratorApp\EndWorldGeneratorApp.iOS\EndWorldGeneratorApp.iOS.csproj", "{2F99BC52-19FC-482F-B7B9-E15D0CE5E79F}"
EndProject
Project("{FAE04EC0-301F-11D3-BF4B-00C04F79EFBC}") = "EndWorldGeneratorApp.UWP", "EndWorldGeneratorApp\EndWorldGeneratorApp.UWP\EndWorldGeneratorApp.UWP.csproj", "{F8AB6F6E-9EEF-411E-986C-3566D683005E}"
EndProject
Global
	GlobalSection(SharedMSBuildProjectFiles) = preSolution
		EndWorldGeneratorApp\EndWorldGeneratorApp\EndWorldGeneratorApp.projitems*{00075b9d-f8dc-4011-ab1e-9629c8994764}*SharedItemsImports = 4
		EndWorldGeneratorApp\EndWorldGeneratorApp\EndWorldGeneratorApp.projitems*{2f99bc52-19fc-482f-b7b9-e15d0ce5e79f}*SharedItemsImports = 4
		EndWorldGeneratorApp\EndWorldGeneratorApp\EndWorldGeneratorApp.projitems*{4277a773-abcb-4453-a749-eafd07f9576a}*SharedItemsImports = 13
	EndGlobalSection
	GlobalSection(SolutionConfigurationPlatforms) = preSolution
		Ad-Hoc|Any CPU = Ad-Hoc|Any CPU
		Ad-Hoc|ARM = Ad-Hoc|ARM
		Ad-Hoc|iPhone = Ad-Hoc|iPhone
		Ad-Hoc|iPhoneSimulator = Ad-Hoc|iPhoneSimulator
		Ad-Hoc|x64 = Ad-Hoc|x64
		Ad-Hoc|x86 = Ad-Hoc|x86
		AppStore|Any CPU = AppStore|Any CPU
		AppStore|ARM = AppStore|ARM
		AppStore|iPhone = AppStore|iPhone
		AppStore|iPhoneSimulator = AppStore|iPhoneSimulator
		AppStore|x64 = AppStore|x64
		AppStore|x86 = AppStore|x86
		Debug|Any CPU = Debug|Any CPU
		Debug|ARM = Debug|ARM
		Debug|iPhone = Debug|iPhone
		Debug|iPhoneSimulator = Debug|iPhoneSimulator
		Debug|x64 = Debug|x64
		Debug|x86 = Debug|x86
		Release|Any CPU = Release|Any CPU
		Release|ARM = Release|ARM
		Release|iPhone = Release|iPhone
		Release|iPhoneSimulator = Release|iPhoneSimulator
		Release|x64 = Release|x64
		Release|x86 = Release|x86
	EndGlobalSection
	GlobalSection(ProjectConfigurationPlatforms) = postSolution
		{00075B9D-F8DC-4011-AB1E-9629C8994764}.Ad-Hoc|Any CPU.ActiveCfg = Release|Any CPU
		{00075B9D-F8DC-4011-AB1E-9629C8994764}.Ad-Hoc|Any CPU.Build.0 = Release|Any CPU
		{00075B9D-F8DC-4011-AB1E-9629C8994764}.Ad-Hoc|Any CPU.Deploy.0 = Release|Any CPU
		{00075B9D-F8DC-4011-AB1E-9629C8994764}.Ad-Hoc|ARM.ActiveCfg = Release|Any CPU
		{00075B9D-F8DC-4011-AB1E-9629C8994764}.Ad-Hoc|ARM.Build.0 = Release|Any CPU
		{00075B9D-F8DC-4011-AB1E-9629C8994764}.Ad-Hoc|ARM.Deploy.0 = Release|Any CPU
		{00075B9D-F8DC-4011-AB1E-9629C8994764}.Ad-Hoc|iPhone.ActiveCfg = Release|Any CPU
		{00075B9D-F8DC-4011-AB1E-9629C8994764}.Ad-Hoc|iPhone.Build.0 = Release|Any CPU
		{00075B9D-F8DC-4011-AB1E-9629C8994764}.Ad-Hoc|iPhone.Deploy.0 = Release|Any CPU
		{00075B9D-F8DC-4011-AB1E-9629C8994764}.Ad-Hoc|iPhoneSimulator.ActiveCfg = Release|Any CPU
		{00075B9D-F8DC-4011-AB1E-9629C8994764}.Ad-Hoc|iPhoneSimulator.Build.0 = Release|Any CPU
		{00075B9D-F8DC-4011-AB1E-9629C8994764}.Ad-Hoc|iPhoneSimulator.Deploy.0 = Release|Any CPU
		{00075B9D-F8DC-4011-AB1E-9629C8994764}.Ad-Hoc|x64.ActiveCfg = Release|Any CPU
		{00075B9D-F8DC-4011-AB1E-9629C8994764}.Ad-Hoc|x64.Build.0 = Release|Any CPU
		{00075B9D-F8DC-4011-AB1E-9629C8994764}.Ad-Hoc|x64.Deploy.0 = Release|Any CPU
		{00075B9D-F8DC-4011-AB1E-9629C8994764}.Ad-Hoc|x86.ActiveCfg = Release|Any CPU
		{00075B9D-F8DC-4011-AB1E-9629C8994764}.Ad-Hoc|x86.Build.0 = Release|Any CPU
		{00075B9D-F8DC-4011-AB1E-9629C8994764}.Ad-Hoc|x86.Deploy.0 = Release|Any CPU
		{00075B9D-F8DC-4011-AB1E-9629C8994764}.AppStore|Any CPU.ActiveCfg = Release|Any CPU
		{00075B9D-F8DC-4011-AB1E-9629C8994764}.AppStore|Any CPU.Build.0 = Release|Any CPU
		{00075B9D-F8DC-4011-AB1E-9629C8994764}.AppStore|Any CPU.Deploy.0 = Release|Any CPU
		{00075B9D-F8DC-4011-AB1E-9629C8994764}.AppStore|ARM.ActiveCfg = Release|Any CPU
		{00075B9D-F8DC-4011-AB1E-9629C8994764}.AppStore|ARM.Build.0 = Release|Any CPU
		{00075B9D-F8DC-4011-AB1E-9629C8994764}.AppStore|ARM.Deploy.0 = Release|Any CPU
		{00075B9D-F8DC-4011-AB1E-9629C8994764}.AppStore|iPhone.ActiveCfg = Release|Any CPU
		{00075B9D-F8DC-4011-AB1E-9629C8994764}.AppStore|iPhone.Build.0 = Release|Any CPU
		{00075B9D-F8DC-4011-AB1E-9629C8994764}.AppStore|iPhone.Deploy.0 = Release|Any CPU
		{00075B9D-F8DC-4011-AB1E-9629C8994764}.AppStore|iPhoneSimulator.ActiveCfg = Release|Any CPU
		{00075B9D-F8DC-4011-AB1E-9629C8994764}.AppStore|iPhoneSimulator.Build.0 = Release|Any CPU
		{00075B9D-F8DC-4011-AB1E-9629C8994764}.AppStore|iPhoneSimulator.Deploy.0 = Release|Any CPU
		{00075B9D-F8DC-4011-AB1E-9629C8994764}.AppStore|x64.ActiveCfg = Release|Any CPU
		{00075B9D-F8DC-4011-AB1E-9629C8994764}.AppStore|x64.Build.0 = Release|Any CPU
		{00075B9D-F8DC-4011-AB1E-9629C8994764}.AppStore|x64.Deploy.0 = Release|Any CPU
		{00075B9D-F8DC-4011-AB1E-9629C8994764}.AppStore|x86.ActiveCfg = Release|Any CPU
		{00075B9D-F8DC-4011-AB1E-9629C8994764}.AppStore|x86.Build.0 = Release|Any CPU
		{00075B9D-F8DC-4011-AB1E-9629C8994764}.AppStore|x86.Deploy.0 = Release|Any CPU
		{00075B9D-F8DC-4011-AB1E-9629C8994764}.Debug|Any CPU.ActiveCfg = Debug|Any CPU
		{00075B9D-F8DC-4011-AB1E-9629C8994764}.Debug|Any CPU.Build.0 = Debug|Any CPU
		{00075B9D-F8DC-4011-AB1E-9629C8994764}.Debug|Any CPU.Deploy.0 = Debug|Any CPU
		{00075B9D-F8DC-4011-AB1E-9629C8994764}.Debug|ARM.ActiveCfg = Debug|Any CPU
		{00075B9D-F8DC-4011-AB1E-9629C8994764}.Debug|ARM.Build.0 = Debug|Any CPU
		{00075B9D-F8DC-4011-AB1E-9629C8994764}.Debug|ARM.Deploy.0 = Debug|Any CPU
		{00075B9D-F8DC-4011-AB1E-9629C8994764}.Debug|iPhone.ActiveCfg = Debug|Any CPU
		{00075B9D-F8DC-4011-AB1E-9629C8994764}.Debug|iPhone.Build.0 = Debug|Any CPU
		{00075B9D-F8DC-4011-AB1E-9629C8994764}.Debug|iPhone.Deploy.0 = Debug|Any CPU
		{00075B9D-F8DC-4011-AB1E-9629C8994764}.Debug|iPhoneSimulator.ActiveCfg = Debug|Any CPU
		{00075B9D-F8DC-4011-AB1E-9629C8994764}.Debug|iPhoneSimulator.Build.0 = Debug|Any CPU
		{00075B9D-F8DC-4011-AB1E-9629C8994764}.Debug|iPhoneSimulator.Deploy.0 = Debug|Any CPU
		{00075B9D-F8DC-4011-AB1E-9629C8994764}.Debug|x64.ActiveCfg = Debug|Any CPU
		{00075B9D-F8DC-4011-AB1E-9629C8994764}.Debug|x64.Build.0 = Debug|Any CPU
		{00075B9D-F8DC-4011-AB1E-9629C8994764}.Debug|x64.Deploy.0 = Debug|Any CPU
		{00075B9D-F8DC-4011-AB1E-9629C8994764}.Debug|x86.ActiveCfg = Debug|Any CPU
		{00075B9D-F8DC-4011-AB1E-9629C8994764}.Debug|x86.Build.0 = Debug|Any CPU
		{00075B9D-F8DC-4011-AB1E-9629C8994764}.Debug|x86.Deploy.0 = Debug|Any CPU
		{00075B9D-F8DC-4011-AB1E-9629C8994764}.Release|Any CPU.ActiveCfg = Release|Any CPU
		{00075B9D-F8DC-4011-AB1E-9629C8994764}.Release|Any CPU.Build.0 = Release|Any CPU
		{00075B9D-F8DC-4011-AB1E-9629C8994764}.Release|Any CPU.Deploy.0 = Release|Any CPU
		{00075B9D-F8DC-4011-AB1E-9629C8994764}.Release|ARM.ActiveCfg = Release|Any CPU
		{00075B9D-F8DC-4011-AB1E-9629C8994764}.Release|ARM.Build.0 = Release|Any CPU
		{00075B9D-F8DC-4011-AB1E-9629C8994764}.Release|ARM.Deploy.0 = Release|Any CPU
		{00075B9D-F8DC-4011-AB1E-9629C8994764}.Release|iPhone.ActiveCfg = Release|Any CPU
		{00075B9D-F8DC-4011-AB1E-9629C8994764}.Release|iPhone.Build.0 = Release|Any CPU
		{00075B9D-F8DC-4011-AB1E-9629C8994764}.Release|iPhone.Deploy.0 = Release|Any CPU
		{00075B9D-F8DC-4011-AB1E-9629C8994764}.Release|iPhoneSimulator.ActiveCfg = Release|Any CPU
		{00075B9D-F8DC-4011-AB1E-9629C8994764}.Release|iPhoneSimulator.Build.0 = Release|Any CPU
		{00075B9D-F8DC-4011-AB1E-9629C8994764}.Release|iPhoneSimulator.Deploy.0 = Release|Any CPU
		{00075B9D-F8DC-4011-AB1E-9629C8994764}.Release|x64.ActiveCfg = Release|Any CPU
		{00075B9D-F8DC-4011-AB1E-9629C8994764}.Release|x64.Build.0 = Release|Any CPU
		{00075B9D-F8DC-4011-AB1E-9629C8994764}.Release|x64.Deploy.0 = Release|Any CPU
		{00075B9D-F8DC-4011-AB1E-9629C8994764}.Release|x86.ActiveCfg = Release|Any CPU
		{00075B9D-F8DC-4011-AB1E-9629C8994764}.Release|x86.Build.0 = Release|Any CPU
		{00075B9D-F8DC-4011-AB1E-9629C8994764}.Release|x86.Deploy.0 = Release|Any CPU
		{2F99BC52-19FC-482F-B7B9-E15D0CE5E79F}.Ad-Hoc|Any CPU.ActiveCfg = Ad-Hoc|iPhone
		{2F99BC52-19FC-482F-B7B9-E15D0CE5E79F}.Ad-Hoc|ARM.ActiveCfg = Ad-Hoc|iPhone
		{2F99BC52-19FC-482F-B7B9-E15D0CE5E79F}.Ad-Hoc|iPhone.ActiveCfg = Ad-Hoc|iPhone
		{2F99BC52-19FC-482F-B7B9-E15D0CE5E79F}.Ad-Hoc|iPhone.Build.0 = Ad-Hoc|iPhone
		{2F99BC52-19FC-482F-B7B9-E15D0CE5E79F}.Ad-Hoc|iPhoneSimulator.ActiveCfg = Ad-Hoc|iPhoneSimulator
		{2F99BC52-19FC-482F-B7B9-E15D0CE5E79F}.Ad-Hoc|iPhoneSimulator.Build.0 = Ad-Hoc|iPhoneSimulator
		{2F99BC52-19FC-482F-B7B9-E15D0CE5E79F}.Ad-Hoc|x64.ActiveCfg = Ad-Hoc|iPhone
		{2F99BC52-19FC-482F-B7B9-E15D0CE5E79F}.Ad-Hoc|x86.ActiveCfg = Ad-Hoc|iPhone
		{2F99BC52-19FC-482F-B7B9-E15D0CE5E79F}.AppStore|Any CPU.ActiveCfg = AppStore|iPhone
		{2F99BC52-19FC-482F-B7B9-E15D0CE5E79F}.AppStore|ARM.ActiveCfg = AppStore|iPhone
		{2F99BC52-19FC-482F-B7B9-E15D0CE5E79F}.AppStore|iPhone.ActiveCfg = AppStore|iPhone
		{2F99BC52-19FC-482F-B7B9-E15D0CE5E79F}.AppStore|iPhone.Build.0 = AppStore|iPhone
		{2F99BC52-19FC-482F-B7B9-E15D0CE5E79F}.AppStore|iPhoneSimulator.ActiveCfg = AppStore|iPhoneSimulator
		{2F99BC52-19FC-482F-B7B9-E15D0CE5E79F}.AppStore|iPhoneSimulator.Build.0 = AppStore|iPhoneSimulator
		{2F99BC52-19FC-482F-B7B9-E15D0CE5E79F}.AppStore|x64.ActiveCfg = AppStore|iPhone
		{2F99BC52-19FC-482F-B7B9-E15D0CE5E79F}.AppStore|x86.ActiveCfg = AppStore|iPhone
		{2F99BC52-19FC-482F-B7B9-E15D0CE5E79F}.Debug|Any CPU.ActiveCfg = Debug|iPhone
		{2F99BC52-19FC-482F-B7B9-E15D0CE5E79F}.Debug|ARM.ActiveCfg = Debug|iPhone
		{2F99BC52-19FC-482F-B7B9-E15D0CE5E79F}.Debug|iPhone.ActiveCfg = Debug|iPhone
		{2F99BC52-19FC-482F-B7B9-E15D0CE5E79F}.Debug|iPhone.Build.0 = Debug|iPhone
		{2F99BC52-19FC-482F-B7B9-E15D0CE5E79F}.Debug|iPhoneSimulator.ActiveCfg = Debug|iPhoneSimulator
		{2F99BC52-19FC-482F-B7B9-E15D0CE5E79F}.Debug|iPhoneSimulator.Build.0 = Debug|iPhoneSimulator
		{2F99BC52-19FC-482F-B7B9-E15D0CE5E79F}.Debug|x64.ActiveCfg = Debug|iPhone
		{2F99BC52-19FC-482F-B7B9-E15D0CE5E79F}.Debug|x86.ActiveCfg = Debug|iPhone
		{2F99BC52-19FC-482F-B7B9-E15D0CE5E79F}.Release|Any CPU.ActiveCfg = Release|iPhone
		{2F99BC52-19FC-482F-B7B9-E15D0CE5E79F}.Release|ARM.ActiveCfg = Release|iPhone
		{2F99BC52-19FC-482F-B7B9-E15D0CE5E79F}.Release|iPhone.ActiveCfg = Release|iPhone
		{2F99BC52-19FC-482F-B7B9-E15D0CE5E79F}.Release|iPhone.Build.0 = Release|iPhone
		{2F99BC52-19FC-482F-B7B9-E15D0CE5E79F}.Release|iPhoneSimulator.ActiveCfg = Release|iPhoneSimulator
		{2F99BC52-19FC-482F-B7B9-E15D0CE5E79F}.Release|iPhoneSimulator.Build.0 = Release|iPhoneSimulator
		{2F99BC52-19FC-482F-B7B9-E15D0CE5E79F}.Release|x64.ActiveCfg = Release|iPhone
		{2F99BC52-19FC-482F-B7B9-E15D0CE5E79F}.Release|x86.ActiveCfg = Release|iPhone
		{F8AB6F6E-9EEF-411E-986C-3566D683005E}.Ad-Hoc|Any CPU.ActiveCfg = Release|x86
		{F8AB6F6E-9EEF-411E-986C-3566D683005E}.Ad-Hoc|Any CPU.Build.0 = Release|x86
		{F8AB6F6E-9EEF-411E-986C-3566D683005E}.Ad-Hoc|Any CPU.Deploy.0 = Release|x86
		{F8AB6F6E-9EEF-411E-986C-3566D683005E}.Ad-Hoc|ARM.ActiveCfg = Release|ARM
		{F8AB6F6E-9EEF-411E-986C-3566D683005E}.Ad-Hoc|ARM.Build.0 = Release|ARM
		{F8AB6F6E-9EEF-411E-986C-3566D683005E}.Ad-Hoc|ARM.Deploy.0 = Release|ARM
		{F8AB6F6E-9EEF-411E-986C-3566D683005E}.Ad-Hoc|iPhone.ActiveCfg = Release|x86
		{F8AB6F6E-9EEF-411E-986C-3566D683005E}.Ad-Hoc|iPhone.Build.0 = Release|x86
		{F8AB6F6E-9EEF-411E-986C-3566D683005E}.Ad-Hoc|iPhone.Deploy.0 = Release|x86
		{F8AB6F6E-9EEF-411E-986C-3566D683005E}.Ad-Hoc|iPhoneSimulator.ActiveCfg = Release|x86
		{F8AB6F6E-9EEF-411E-986C-3566D683005E}.Ad-Hoc|iPhoneSimulator.Build.0 = Release|x86
		{F8AB6F6E-9EEF-411E-986C-3566D683005E}.Ad-Hoc|iPhoneSimulator.Deploy.0 = Release|x86
		{F8AB6F6E-9EEF-411E-986C-3566D683005E}.Ad-Hoc|x64.ActiveCfg = Release|x64
		{F8AB6F6E-9EEF-411E-986C-3566D683005E}.Ad-Hoc|x64.Build.0 = Release|x64
		{F8AB6F6E-9EEF-411E-986C-3566D683005E}.Ad-Hoc|x64.Deploy.0 = Release|x64
		{F8AB6F6E-9EEF-411E-986C-3566D683005E}.Ad-Hoc|x86.ActiveCfg = Release|x86
		{F8AB6F6E-9EEF-411E-986C-3566D683005E}.Ad-Hoc|x86.Build.0 = Release|x86
		{F8AB6F6E-9EEF-411E-986C-3566D683005E}.Ad-Hoc|x86.Deploy.0 = Release|x86
		{F8AB6F6E-9EEF-411E-986C-3566D683005E}.AppStore|Any CPU.ActiveCfg = Release|x86
		{F8AB6F6E-9EEF-411E-986C-3566D683005E}.AppStore|Any CPU.Build.0 = Release|x86
		{F8AB6F6E-9EEF-411E-986C-3566D683005E}.AppStore|Any CPU.Deploy.0 = Release|x86
		{F8AB6F6E-9EEF-411E-986C-3566D683005E}.AppStore|ARM.ActiveCfg = Release|ARM
		{F8AB6F6E-9EEF-411E-986C-3566D683005E}.AppStore|ARM.Build.0 = Release|ARM
		{F8AB6F6E-9EEF-411E-986C-3566D683005E}.AppStore|ARM.Deploy.0 = Release|ARM
		{F8AB6F6E-9EEF-411E-986C-3566D683005E}.AppStore|iPhone.ActiveCfg = Release|x86
		{F8AB6F6E-9EEF-411E-986C-3566D683005E}.AppStore|iPhone.Build.0 = Release|x86
		{F8AB6F6E-9EEF-411E-986C-3566D683005E}.AppStore|iPhone.Deploy.0 = Release|x86
		{F8AB6F6E-9EEF-411E-986C-3566D683005E}.AppStore|iPhoneSimulator.ActiveCfg = Release|x86
		{F8AB6F6E-9EEF-411E-986C-3566D683005E}.AppStore|iPhoneSimulator.Build.0 = Release|x86
		{F8AB6F6E-9EEF-411E-986C-3566D683005E}.AppStore|iPhoneSimulator.Deploy.0 = Release|x86
		{F8AB6F6E-9EEF-411E-986C-3566D683005E}.AppStore|x64.ActiveCfg = Release|x64
		{F8AB6F6E-9EEF-411E-986C-3566D683005E}.AppStore|x64.Build.0 = Release|x64
		{F8AB6F6E-9EEF-411E-986C-3566D683005E}.AppStore|x64.Deploy.0 = Release|x64
		{F8AB6F6E-9EEF-411E-986C-3566D683005E}.AppStore|x86.ActiveCfg = Release|x86
		{F8AB6F6E-9EEF-411E-986C-3566D683005E}.AppStore|x86.Build.0 = Release|x86
		{F8AB6F6E-9EEF-411E-986C-3566D683005E}.AppStore|x86.Deploy.0 = Release|x86
		{F8AB6F6E-9EEF-411E-986C-3566D683005E}.Debug|Any CPU.ActiveCfg = Debug|x86
		{F8AB6F6E-9EEF-411E-986C-3566D683005E}.Debug|ARM.ActiveCfg = Debug|ARM
		{F8AB6F6E-9EEF-411E-986C-3566D683005E}.Debug|ARM.Build.0 = Debug|ARM
		{F8AB6F6E-9EEF-411E-986C-3566D683005E}.Debug|ARM.Deploy.0 = Debug|ARM
		{F8AB6F6E-9EEF-411E-986C-3566D683005E}.Debug|iPhone.ActiveCfg = Debug|x86
		{F8AB6F6E-9EEF-411E-986C-3566D683005E}.Debug|iPhoneSimulator.ActiveCfg = Debug|x86
		{F8AB6F6E-9EEF-411E-986C-3566D683005E}.Debug|x64.ActiveCfg = Debug|x64
		{F8AB6F6E-9EEF-411E-986C-3566D683005E}.Debug|x64.Build.0 = Debug|x64
		{F8AB6F6E-9EEF-411E-986C-3566D683005E}.Debug|x64.Deploy.0 = Debug|x64
		{F8AB6F6E-9EEF-411E-986C-3566D683005E}.Debug|x86.ActiveCfg = Debug|x86
		{F8AB6F6E-9EEF-411E-986C-3566D683005E}.Debug|x86.Build.0 = Debug|x86
		{F8AB6F6E-9EEF-411E-986C-3566D683005E}.Debug|x86.Deploy.0 = Debug|x86
		{F8AB6F6E-9EEF-411E-986C-3566D683005E}.Release|Any CPU.ActiveCfg = Release|x86
		{F8AB6F6E-9EEF-411E-986C-3566D683005E}.Release|ARM.ActiveCfg = Release|ARM
		{F8AB6F6E-9EEF-411E-986C-3566D683005E}.Release|ARM.Build.0 = Release|ARM
		{F8AB6F6E-9EEF-411E-986C-3566D683005E}.Release|ARM.Deploy.0 = Release|ARM
		{F8AB6F6E-9EEF-411E-986C-3566D683005E}.Release|iPhone.ActiveCfg = Release|x86
		{F8AB6F6E-9EEF-411E-986C-3566D683005E}.Release|iPhoneSimulator.ActiveCfg = Release|x86
		{F8AB6F6E-9EEF-411E-986C-3566D683005E}.Release|x64.ActiveCfg = Release|x64
		{F8AB6F6E-9EEF-411E-986C-3566D683005E}.Release|x64.Build.0 = Release|x64
		{F8AB6F6E-9EEF-411E-986C-3566D683005E}.Release|x64.Deploy.0 = Release|x64
		{F8AB6F6E-9EEF-411E-986C-3566D683005E}.Release|x86.ActiveCfg = Release|x86
		{F8AB6F6E-9EEF-411E-986C-3566D683005E}.Release|x86.Build.0 = Release|x86
		{F8AB6F6E-9EEF-411E-986C-3566D683005E}.Release|x86.Deploy.0 = Release|x86
	EndGlobalSection
	GlobalSection(SolutionProperties) = preSolution
		HideSolutionNode = FALSE
	EndGlobalSection
	GlobalSection(ExtensibilityGlobals) = postSolution
		SolutionGuid = {B77DC86E-7073-4E6B-9B20-183AC459A277}
	EndGlobalSection
EndGlobal
